
Microsoft Visual Studio Solution File, Format Version 12.00
# Visual Studio 15
VisualStudioVersion = 15.0.27004.2009
MinimumVisualStudioVersion = 10.0.40219.1
Project("{FAE04EC0-301F-11D3-BF4B-00C04F79EFBC}") = "BingSpeechDemo", "BingSpeechDemo\BingSpeechDemo.csproj", "{AD36BE80-09DA-4336-97E3-A93E72E9D66B}"
EndProject
Global
	GlobalSection(SolutionConfigurationPlatforms) = preSolution
		Debug|Any CPU = Debug|Any CPU
		Release|Any CPU = Release|Any CPU
	EndGlobalSection
	GlobalSection(ProjectConfigurationPlatforms) = postSolution
		{AD36BE80-09DA-4336-97E3-A93E72E9D66B}.Debug|Any CPU.ActiveCfg = Debug|Any CPU
		{AD36BE80-09DA-4336-97E3-A93E72E9D66B}.Debug|Any CPU.Build.0 = Debug|Any CPU
		{AD36BE80-09DA-4336-97E3-A93E72E9D66B}.Release|Any CPU.ActiveCfg = Release|Any CPU
		{AD36BE80-09DA-4336-97E3-A93E72E9D66B}.Release|Any CPU.Build.0 = Release|Any CPU
	EndGlobalSection
	GlobalSection(SolutionProperties) = preSolution
		HideSolutionNode = FALSE
	EndGlobalSection
	GlobalSection(ExtensibilityGlobals) = postSolution
		SolutionGuid = {FB64BE3A-F277-4494-B685-08D0EF9DD002}
	EndGlobalSection
EndGlobal
